PODS:
  - AEPCore (3.4.1):
    - AEPRulesEngine (>= 1.1.0)
    - AEPServices (>= 3.4.1)
  - AEPIdentity (3.4.1):
    - AEPCore (>= 3.4.1)
  - AEPLifecycle (3.4.1):
    - AEPCore (>= 3.4.1)
  - AEPRulesEngine (1.1.0)
  - AEPServices (3.4.1)
  - AEPSignal (3.4.1):
    - AEPCore (>= 3.4.1)
  - Flutter (1.0.0)
  - flutter_aepcore (0.0.1):
    - AEPCore (~> 3.0)
    - AEPIdentity (~> 3.0)
    - AEPLifecycle (~> 3.0)
    - AEPSignal (~> 3.0)
    - Flutter

DEPENDENCIES:
  - Flutter (from `Flutter`)
  - flutter_aepcore (from `.symlinks/plugins/flutter_aepcore/ios`)

SPEC REPOS:
  trunk:
    - AEPCore
    - AEPIdentity
    - AEPLifecycle
    - AEPRulesEngine
    - AEPServices
    - AEPSignal

EXTERNAL SOURCES:
  Flutter:
    :path: Flutter
  flutter_aepcore:
    :path: ".symlinks/plugins/flutter_aepcore/ios"

SPEC CHECKSUMS:
  AEPCore: cac94cc6f0b2f960397488d3d68d02e0918b75a9
  AEPIdentity: 3b9e7cf6306032e2d581f623f42301aa31dfae55
  AEPLifecycle: 30775572d127c5bf4ab2a1cb067844a1cdbeb61a
  AEPRulesEngine: bb2927ed5501ddf9754c66e97f8d2b1cf8e33b19
  AEPServices: 01f402b120bb84d442776a2af2c6b6b12ac01572
  AEPSignal: 02673fc1d2fd2ea154c5de77914c93bf3ea1ee26
  Flutter: 50d75fe2f02b26cc09d224853bb45737f8b3214a
  flutter_aepcore: 1287c8a6b88fdb967432b0080cc923b58260f1df

PODFILE CHECKSUM: ef19549a9bc3046e7bb7d2fab4d021637c0c58a3

COCOAPODS: 1.11.2
