PODS:
  - ACPAnalytics (2.5.1):
    - ACPAnalytics/xcframeworks (= 2.5.1)
    - ACPCore (>= 2.9.0)
  - ACPAnalytics/xcframeworks (2.5.1):
    - ACPCore (>= 2.9.0)
  - ACPCore (2.9.4):
    - ACPCore/main (= 2.9.4)
  - ACPCore/main (2.9.4)
  - AEPAssurance (1.1.3):
    - ACPCore (>= 2.9.0)
    - AEPAssurance/xcframeworks (= 1.1.3)
  - AEPAssurance/xcframeworks (1.1.3):
    - ACPCore (>= 2.9.0)
  - Flutter (1.0.0)
  - flutter_acpanalytics (0.0.1):
    - ACPAnalytics (~> 2.2)
    - Flutter
  - flutter_acpcore (0.0.1):
    - ACPCore (~> 2.5)
    - Flutter
  - flutter_assurance (1.0.0):
    - AEPAssurance (~> 1.0)
    - Flutter

DEPENDENCIES:
  - Flutter (from `Flutter`)
  - flutter_acpanalytics (from `.symlinks/plugins/flutter_acpanalytics/ios`)
  - flutter_acpcore (from `.symlinks/plugins/flutter_acpcore/ios`)
  - flutter_assurance (from `.symlinks/plugins/flutter_assurance/ios`)

SPEC REPOS:
  trunk:
    - ACPAnalytics
    - ACPCore
    - AEPAssurance

EXTERNAL SOURCES:
  Flutter:
    :path: Flutter
  flutter_acpanalytics:
    :path: ".symlinks/plugins/flutter_acpanalytics/ios"
  flutter_acpcore:
    :path: ".symlinks/plugins/flutter_acpcore/ios"
  flutter_assurance:
    :path: ".symlinks/plugins/flutter_assurance/ios"

SPEC CHECKSUMS:
  ACPAnalytics: 65bc33a03d31dc3e60f061766b629aac988d1e29
  ACPCore: 7d09a5b7233d72fa7cb4369c99a8250fd7240305
  AEPAssurance: 10a3a6518d503d1aa83f5e3cb4c2b57dd8b5033c
  Flutter: 434fef37c0980e73bb6479ef766c45957d4b510c
  flutter_acpanalytics: 91411eff9228cd3f25b721e71f9f1052e4eee5ec
  flutter_acpcore: 781971fcbde815f237f85a4fb33539ffee53ab5d
  flutter_assurance: b2d7b3dbd2920efa6020a6b8860b2170727a56a7

PODFILE CHECKSUM: aafe91acc616949ddb318b77800a7f51bffa2a4c

COCOAPODS: 1.10.1
