PODS:
  - AEPAssurance (5.0.0):
    - AEPCore (< 6.0.0, >= 5.0.0)
    - AEPServices (< 6.0.0, >= 5.0.0)
  - AEPCore (5.0.0):
    - AEPRulesEngine (< 6.0.0, >= 5.0.0)
    - AEPServices (< 6.0.0, >= 5.0.0)
  - AEPEdge (5.0.0):
    - AEPCore (< 6.0.0, >= 5.0.0)
    - AEPEdgeIdentity (< 6.0.0, >= 5.0.0)
  - AEPEdgeBridge (5.0.0):
    - AEPCore (< 6.0.0, >= 5.0.0)
  - AEPEdgeConsent (5.0.0):
    - AEPCore (< 6.0.0, >= 5.0.0)
    - AEPEdge (< 6.0.0, >= 5.0.0)
  - AEPEdgeIdentity (5.0.0):
    - AEPCore (< 6.0.0, >= 5.0.0)
  - AEPIdentity (5.0.0):
    - AEPCore (< 6.0.0, >= 5.0.0)
  - AEPLifecycle (5.0.0):
    - AEPCore (< 6.0.0, >= 5.0.0)
  - AEPRulesEngine (5.0.0)
  - AEPServices (5.0.0)
  - AEPSignal (5.0.0):
    - AEPCore (< 6.0.0, >= 5.0.0)
  - AEPUserProfile (5.0.0):
    - AEPCore (< 6.0.0, >= 5.0.0)
  - Flutter (1.0.0)
  - flutter_aepassurance (4.0.0):
    - AEPAssurance (~> 5.0)
    - Flutter
  - flutter_aepcore (4.0.0):
    - AEPCore (~> 5.0)
    - AEPIdentity (~> 5.0)
    - AEPLifecycle (~> 5.0)
    - AEPSignal (~> 5.0)
    - Flutter
  - flutter_aepedge (4.0.0):
    - AEPEdge (~> 5.0)
    - Flutter
  - flutter_aepedgebridge (4.0.0):
    - AEPEdgeBridge (~> 5.0)
    - Flutter
  - flutter_aepedgeconsent (4.0.0):
    - AEPEdgeConsent (~> 5.0)
    - Flutter
  - flutter_aepedgeidentity (4.0.0):
    - AEPEdgeIdentity (~> 5.0)
    - Flutter
  - flutter_aepuserprofile (4.0.0):
    - AEPUserProfile (~> 5.0)
    - Flutter

DEPENDENCIES:
  - Flutter (from `Flutter`)
  - flutter_aepassurance (from `.symlinks/plugins/flutter_aepassurance/ios`)
  - flutter_aepcore (from `.symlinks/plugins/flutter_aepcore/ios`)
  - flutter_aepedge (from `.symlinks/plugins/flutter_aepedge/ios`)
  - flutter_aepedgebridge (from `.symlinks/plugins/flutter_aepedgebridge/ios`)
  - flutter_aepedgeconsent (from `.symlinks/plugins/flutter_aepedgeconsent/ios`)
  - flutter_aepedgeidentity (from `.symlinks/plugins/flutter_aepedgeidentity/ios`)
  - flutter_aepuserprofile (from `.symlinks/plugins/flutter_aepuserprofile/ios`)

SPEC REPOS:
  trunk:
    - AEPAssurance
    - AEPCore
    - AEPEdge
    - AEPEdgeBridge
    - AEPEdgeConsent
    - AEPEdgeIdentity
    - AEPIdentity
    - AEPLifecycle
    - AEPRulesEngine
    - AEPServices
    - AEPSignal
    - AEPUserProfile

EXTERNAL SOURCES:
  Flutter:
    :path: Flutter
  flutter_aepassurance:
    :path: ".symlinks/plugins/flutter_aepassurance/ios"
  flutter_aepcore:
    :path: ".symlinks/plugins/flutter_aepcore/ios"
  flutter_aepedge:
    :path: ".symlinks/plugins/flutter_aepedge/ios"
  flutter_aepedgebridge:
    :path: ".symlinks/plugins/flutter_aepedgebridge/ios"
  flutter_aepedgeconsent:
    :path: ".symlinks/plugins/flutter_aepedgeconsent/ios"
  flutter_aepedgeidentity:
    :path: ".symlinks/plugins/flutter_aepedgeidentity/ios"
  flutter_aepuserprofile:
    :path: ".symlinks/plugins/flutter_aepuserprofile/ios"

SPEC CHECKSUMS:
  AEPAssurance: 7f260ded4df38a70a06efebade8c33a3e3221984
  AEPCore: f1c3e9238bb12e7e1103f4407c341ebc65aeab5b
  AEPEdge: 6bc7c3f6573fdf0a12fb3ddfd32420112a89c80b
  AEPEdgeBridge: be78be4885ae420ef21bda91707d5eff9510ef70
  AEPEdgeConsent: d7db1d19eb4c1e2146360ed3c8df315f671b26d5
  AEPEdgeIdentity: 3161ff33434586962946912d6b8e9e8fca1c4d23
  AEPIdentity: a65c1eba43a06f01b0dab191b27a53a81adada57
  AEPLifecycle: d4e0e1e86d6225d87203875d67f56c48f7ab7f67
  AEPRulesEngine: fe5800653a4bee07b1e41e61b4d5551f0dba557b
  AEPServices: e42e5118128e81c0f797fdfb1dc9c4a714d644b8
  AEPSignal: b146a3d4e5af51ff588f4f1ffbd40f1541325143
  AEPUserProfile: cf36305d683d993d528337a46b7a269029b63e5d
  Flutter: f04841e97a9d0b0a8025694d0796dd46242b2854
  flutter_aepassurance: 3b0c0b2d135ea0d8abef3e2a26ec13517658ece0
  flutter_aepcore: 6e354136a75938fe4670aefb5f4f664ef1ed3b25
  flutter_aepedge: d23f2b983198c2b7ab52637cd4212952544bed2c
  flutter_aepedgebridge: 3e8041b694f6267513d6178ffb2abc1a8eba349c
  flutter_aepedgeconsent: a50a8c90df588d75aef758b0258b7bbdb1906167
  flutter_aepedgeidentity: 9eed9300833fe225f9f8bcc9d52dbee81a1811ea
  flutter_aepuserprofile: a2ba9de310969c805158ae7b46497a1746ce3c85

PODFILE CHECKSUM: ef19549a9bc3046e7bb7d2fab4d021637c0c58a3

COCOAPODS: 1.12.1
