PODS:
  - AEPAssurance (4.1.2):
    - AEPCore (< 5.0, >= 4.0.0)
    - AEPServices (< 5.0, >= 4.0.0)
  - AEPCore (4.2.3):
    - AEPRulesEngine (< 5.0.0, >= 4.0.0)
    - AEPServices (< 5.0.0, >= 4.2.3)
  - AEPEdge (4.3.1):
    - AEPCore (< 5.0.0, >= 4.1.0)
    - AEPEdgeIdentity (< 5.0.0, >= 4.0.0)
  - AEPEdgeBridge (4.1.1):
    - AEPCore (< 5.0.0, >= 4.0.0)
  - AEPEdgeConsent (4.0.1):
    - AEPCore (< 5.0.0, >= 4.0.0)
    - AEPEdge (< 5.0.0, >= 4.0.0)
  - AEPEdgeIdentity (4.0.1):
    - AEPCore (< 5.0.0, >= 4.0.0)
  - AEPIdentity (4.2.3):
    - AEPCore (< 5.0.0, >= 4.2.3)
  - AEPLifecycle (4.2.3):
    - AEPCore (< 5.0.0, >= 4.2.3)
  - AEPMessaging (4.2.0-beta):
    - AEPCore (>= 4.1.0)
    - AEPEdge (>= 4.2.0)
    - AEPEdgeIdentity (>= 4.0.0)
    - AEPServices (>= 4.1.0)
  - AEPRulesEngine (4.0.0)
  - AEPServices (4.2.3)
  - AEPSignal (4.2.3):
    - AEPCore (< 5.0.0, >= 4.2.3)
  - AEPUserProfile (4.0.1):
    - AEPCore (< 5.0.0, >= 4.0.0)
  - Flutter (1.0.0)
  - flutter_aepassurance (3.0.0):
    - AEPAssurance (~> 4.0)
    - Flutter
  - flutter_aepcore (3.0.0):
    - AEPCore (~> 4.0)
    - AEPIdentity (~> 4.0)
    - AEPLifecycle (~> 4.0)
    - AEPSignal (~> 4.0)
    - Flutter
  - flutter_aepedge (3.0.0):
    - AEPEdge (~> 4.0)
    - Flutter
  - flutter_aepedgebridge (3.0.0):
    - AEPEdgeBridge (~> 4.0)
    - Flutter
  - flutter_aepedgeconsent (3.0.0):
    - AEPEdgeConsent (~> 4.0)
    - Flutter
  - flutter_aepedgeidentity (3.0.0):
    - AEPEdgeIdentity (~> 4.0)
    - Flutter
  - flutter_aepmessaging (3.0.0.beta.2):
    - AEPCore (~> 4.0)
    - AEPMessaging (~> 4.0)
    - Flutter
  - flutter_aepuserprofile (3.0.0):
    - AEPUserProfile (~> 4.0)
    - Flutter

DEPENDENCIES:
  - AEPMessaging (from `https://github.com/adobe/aepsdk-messaging-ios.git`, branch `exd-cbe-beta`)
  - Flutter (from `Flutter`)
  - flutter_aepassurance (from `.symlinks/plugins/flutter_aepassurance/ios`)
  - flutter_aepcore (from `.symlinks/plugins/flutter_aepcore/ios`)
  - flutter_aepedge (from `.symlinks/plugins/flutter_aepedge/ios`)
  - flutter_aepedgebridge (from `.symlinks/plugins/flutter_aepedgebridge/ios`)
  - flutter_aepedgeconsent (from `.symlinks/plugins/flutter_aepedgeconsent/ios`)
  - flutter_aepedgeidentity (from `.symlinks/plugins/flutter_aepedgeidentity/ios`)
  - flutter_aepmessaging (from `.symlinks/plugins/flutter_aepmessaging/ios`)
  - flutter_aepuserprofile (from `.symlinks/plugins/flutter_aepuserprofile/ios`)

SPEC REPOS:
  trunk:
    - AEPAssurance
    - AEPCore
    - AEPEdge
    - AEPEdgeBridge
    - AEPEdgeConsent
    - AEPEdgeIdentity
    - AEPIdentity
    - AEPLifecycle
    - AEPRulesEngine
    - AEPServices
    - AEPSignal
    - AEPUserProfile

EXTERNAL SOURCES:
  AEPMessaging:
    :branch: exd-cbe-beta
    :git: https://github.com/adobe/aepsdk-messaging-ios.git
  Flutter:
    :path: Flutter
  flutter_aepassurance:
    :path: ".symlinks/plugins/flutter_aepassurance/ios"
  flutter_aepcore:
    :path: ".symlinks/plugins/flutter_aepcore/ios"
  flutter_aepedge:
    :path: ".symlinks/plugins/flutter_aepedge/ios"
  flutter_aepedgebridge:
    :path: ".symlinks/plugins/flutter_aepedgebridge/ios"
  flutter_aepedgeconsent:
    :path: ".symlinks/plugins/flutter_aepedgeconsent/ios"
  flutter_aepedgeidentity:
    :path: ".symlinks/plugins/flutter_aepedgeidentity/ios"
  flutter_aepmessaging:
    :path: ".symlinks/plugins/flutter_aepmessaging/ios"
  flutter_aepuserprofile:
    :path: ".symlinks/plugins/flutter_aepuserprofile/ios"

CHECKOUT OPTIONS:
  AEPMessaging:
    :commit: 6e1b6b4b50bd774e2cb0854061608081006adc56
    :git: https://github.com/adobe/aepsdk-messaging-ios.git

SPEC CHECKSUMS:
  AEPAssurance: 91b030dc7edf0567c742367e5c466e50641e0503
  AEPCore: 7ab5e149947a71d7486818bde393cddc513df271
  AEPEdge: c34de4d42c430c93431065556207817190749ade
  AEPEdgeBridge: 9858dd5e93ae683ed16950ab481f13073edde707
  AEPEdgeConsent: 7926ff292b69ccf08d1a2ee91ae6a7ccffda7974
  AEPEdgeIdentity: 8a8f0d2649ca5854e714970d6c80b46654a583be
  AEPIdentity: 8b64c2cc896f1a8546b7f20d9fdbd4ba6079f21c
  AEPLifecycle: b676303a42386aca38bea8e927f391e12cac43e3
  AEPMessaging: bde135b0b372c966a9c8de671e559ce04dfe99a0
  AEPRulesEngine: 458450a34922823286ead045a0c2bd8c27e224c6
  AEPServices: d870535b75682be9c440d3cdf2cbd0481e450aff
  AEPSignal: a5afda383d82bd1ca72a896a53c203d7cf55012e
  AEPUserProfile: 05e838305f6a0c32f5892e6c1bd799d9c669adfd
  Flutter: f04841e97a9d0b0a8025694d0796dd46242b2854
  flutter_aepassurance: b233dea439a022f8f3f4ae52cfdf753e04b1b72f
  flutter_aepcore: 3481b755a03bbc3562681fa4a411ccddf0813156
  flutter_aepedge: 7b3a586744fe19a325b34e902b5fff7bab26bfdb
  flutter_aepedgebridge: e46c86eacbfe8333396d42183d872e6df0be9eb5
  flutter_aepedgeconsent: d196b2a4aba755d479e1954d4f19587e36c0d6f9
  flutter_aepedgeidentity: e6f6b4ff142c2babc0377639ab179f9743b380c2
  flutter_aepmessaging: ecb36a494d14771187f3e4b914589a6b2ec4c2f3
  flutter_aepuserprofile: f0d6b073500d55bdbd5e3cb0cbb7734c282df5cf

PODFILE CHECKSUM: 13507d35b129ceda6dfc79ebca8fa3dd44b53f88

COCOAPODS: 1.11.3
