PODS:
  - AEPAssurance (3.0.1):
    - AEPCore (>= 3.1.0)
    - AEPServices (>= 3.1.0)
  - AEPCore (3.7.4):
    - AEPRulesEngine (>= 1.1.0)
    - AEPServices (>= 3.7.4)
  - AEPEdge (1.5.0):
    - AEPCore (>= 3.5.0)
    - AEPEdgeIdentity
  - AEPEdgeConsent (1.0.1):
    - AEPCore (>= 3.5.0)
    - AEPEdge (>= 1.4.0)
  - AEPEdgeIdentity (1.1.0):
    - AEPCore (>= 3.6.0)
  - AEPIdentity (3.7.4):
    - AEPCore (>= 3.7.4)
  - AEPLifecycle (3.7.4):
    - AEPCore (>= 3.7.4)
  - AEPRulesEngine (1.2.0)
  - AEPServices (3.7.4)
  - AEPSignal (3.7.4):
    - AEPCore (>= 3.7.4)
  - AEPUserProfile (3.0.1):
    - AEPCore
  - Flutter (1.0.0)
  - flutter_aepassurance (2.0.0):
    - AEPAssurance (~> 3.0)
    - Flutter
  - flutter_aepcore (2.0.0):
    - AEPCore (~> 3.0)
    - AEPIdentity (~> 3.0)
    - AEPLifecycle (~> 3.0)
    - AEPSignal (~> 3.0)
    - Flutter
  - flutter_aepedge (2.0.0):
    - AEPEdge (~> 1.0)
    - Flutter
  - flutter_aepedgeconsent (2.0.0):
    - AEPEdgeConsent (~> 1.0)
    - Flutter
  - flutter_aepedgeidentity (2.0.0):
    - AEPEdgeIdentity (~> 1.0)
    - Flutter
  - flutter_aepuserprofile (1.0.0):
    - AEPUserProfile (~> 3.0)
    - Flutter

DEPENDENCIES:
  - Flutter (from `Flutter`)
  - flutter_aepassurance (from `.symlinks/plugins/flutter_aepassurance/ios`)
  - flutter_aepcore (from `.symlinks/plugins/flutter_aepcore/ios`)
  - flutter_aepedge (from `.symlinks/plugins/flutter_aepedge/ios`)
  - flutter_aepedgeconsent (from `.symlinks/plugins/flutter_aepedgeconsent/ios`)
  - flutter_aepedgeidentity (from `.symlinks/plugins/flutter_aepedgeidentity/ios`)
  - flutter_aepuserprofile (from `.symlinks/plugins/flutter_aepuserprofile/ios`)

SPEC REPOS:
  trunk:
    - AEPAssurance
    - AEPCore
    - AEPEdge
    - AEPEdgeConsent
    - AEPEdgeIdentity
    - AEPIdentity
    - AEPLifecycle
    - AEPRulesEngine
    - AEPServices
    - AEPSignal
    - AEPUserProfile

EXTERNAL SOURCES:
  Flutter:
    :path: Flutter
  flutter_aepassurance:
    :path: ".symlinks/plugins/flutter_aepassurance/ios"
  flutter_aepcore:
    :path: ".symlinks/plugins/flutter_aepcore/ios"
  flutter_aepedge:
    :path: ".symlinks/plugins/flutter_aepedge/ios"
  flutter_aepedgeconsent:
    :path: ".symlinks/plugins/flutter_aepedgeconsent/ios"
  flutter_aepedgeidentity:
    :path: ".symlinks/plugins/flutter_aepedgeidentity/ios"
  flutter_aepuserprofile:
    :path: ".symlinks/plugins/flutter_aepuserprofile/ios"

SPEC CHECKSUMS:
  AEPAssurance: b25880cd4b14f22c61a1dce19807bd0ca0fe9b17
  AEPCore: 4f2d6af62f492e87a6cc9cbf4c89ae6f0ea89d81
  AEPEdge: 924cd8ace3db40b9c42bc2bc5e8fb1fcad3a9b77
  AEPEdgeConsent: a23b35ab331d2aa2013fcef49c9d6b80085d5597
  AEPEdgeIdentity: 47f0c6ecbec5857b2a8cb9b7bf717c2424c6bae0
  AEPIdentity: 4e298be480b327dd1fbb89e74210001bbbbb1c81
  AEPLifecycle: 64107400233d9add603a87d2a4b36002bccb0129
  AEPRulesEngine: 71228dfdac24c9ded09be13e3257a7eb22468ccc
  AEPServices: 1c66ce125f9b3bbd46e42687b6929cd584bffdf4
  AEPSignal: d6473de3410183f1f0754b92b2938a571332362e
  AEPUserProfile: 2ddb5ba8e2c22dd8f942992306b050f4be2c2403
  Flutter: f04841e97a9d0b0a8025694d0796dd46242b2854
  flutter_aepassurance: 048d675c5a20b4e5cbca20c953cbf5ada6f9c535
  flutter_aepcore: cafe3177ed9fdb4860253bd9532e9827648b061b
  flutter_aepedge: e6d68dd65576db0725d46ac7f1f1fa87f5810762
  flutter_aepedgeconsent: bb1b650a4378e2da1b34ba875fa410e95f6af037
  flutter_aepedgeidentity: 89fb5d4b70b9251fa49a8530f60653f6c0eed625
  flutter_aepuserprofile: 95d28442c7ba16b14b275812ad489376ef8c8b47

PODFILE CHECKSUM: ef19549a9bc3046e7bb7d2fab4d021637c0c58a3

COCOAPODS: 1.11.3
